// !$*UTF8*$!
{
	archiveVersion = 1;
	classes = {
	};
	objectVersion = 56;
	objects = {

/* Begin PBXBuildFile section */
		872F6CD42AB8A10C00305A2A /* TicTacToeApp.swift in Sources */ = {isa = PBXBuildFile; fileRef = 872F6CD32AB8A10C00305A2A /* TicTacToeApp.swift */; };
		872F6CD62AB8A10C00305A2A /* HomeView.swift in Sources */ = {isa = PBXBuildFile; fileRef = 872F6CD52AB8A10C00305A2A /* HomeView.swift */; };
		872F6CD82AB8A10D00305A2A /* Assets.xcassets in Resources */ = {isa = PBXBuildFile; fileRef = 872F6CD72AB8A10D00305A2A /* Assets.xcassets */; };
		872F6CDC2AB8A10E00305A2A /* Preview Assets.xcassets in Resources */ = {isa = PBXBuildFile; fileRef = 872F6CDB2AB8A10E00305A2A /* Preview Assets.xcassets */; };
		872F6CE32AB8A36300305A2A /* GameView.swift in Sources */ = {isa = PBXBuildFile; fileRef = 872F6CE22AB8A36300305A2A /* GameView.swift */; };
		872F6CE62AB8A46100305A2A /* GameButton.swift in Sources */ = {isa = PBXBuildFile; fileRef = 872F6CE52AB8A46100305A2A /* GameButton.swift */; };
		872F6CE82AB8A51800305A2A /* HomeViewModel.swift in Sources */ = {isa = PBXBuildFile; fileRef = 872F6CE72AB8A51800305A2A /* HomeViewModel.swift */; };
		872F6CEC2AB9ADCE00305A2A /* GameSquareView.swift in Sources */ = {isa = PBXBuildFile; fileRef = 872F6CEB2AB9ADCE00305A2A /* GameSquareView.swift */; };
		872F6CEE2AB9AE2800305A2A /* PlayerView.swift in Sources */ = {isa = PBXBuildFile; fileRef = 872F6CED2AB9AE2800305A2A /* PlayerView.swift */; };
		872F6CF02AB9B0A500305A2A /* LoadingView.swift in Sources */ = {isa = PBXBuildFile; fileRef = 872F6CEF2AB9B0A500305A2A /* LoadingView.swift */; };
		872F6CF22AB9D33900305A2A /* GameViewModel.swift in Sources */ = {isa = PBXBuildFile; fileRef = 872F6CF12AB9D33900305A2A /* GameViewModel.swift */; };
		872F6CF42AB9D85100305A2A /* GameModel.swift in Sources */ = {isa = PBXBuildFile; fileRef = 872F6CF32AB9D85100305A2A /* GameModel.swift */; };
		872F6CF72ABDA69000305A2A /* User.swift in Sources */ = {isa = PBXBuildFile; fileRef = 872F6CF62ABDA68F00305A2A /* User.swift */; };
/* End PBXBuildFile section */

/* Begin PBXFileReference section */
		872F6CD02AB8A10C00305A2A /* TicTacToe.app */ = {isa = PBXFileReference; explicitFileType = wrapper.application; includeInIndex = 0; path = TicTacToe.app; sourceTree = BUILT_PRODUCTS_DIR; };
		872F6CD32AB8A10C00305A2A /* TicTacToeApp.swift */ = {isa = PBXFileReference; lastKnownFileType = sourcecode.swift; path = TicTacToeApp.swift; sourceTree = "<group>"; };
		872F6CD52AB8A10C00305A2A /* HomeView.swift */ = {isa = PBXFileReference; lastKnownFileType = sourcecode.swift; path = HomeView.swift; sourceTree = "<group>"; };
		872F6CD72AB8A10D00305A2A /* Assets.xcassets */ = {isa = PBXFileReference; lastKnownFileType = folder.assetcatalog; path = Assets.xcassets; sourceTree = "<group>"; };
		872F6CD92AB8A10E00305A2A /* TicTacToe.entitlements */ = {isa = PBXFileReference; lastKnownFileType = text.plist.entitlements; path = TicTacToe.entitlements; sourceTree = "<group>"; };
		872F6CDB2AB8A10E00305A2A /* Preview Assets.xcassets */ = {isa = PBXFileReference; lastKnownFileType = folder.assetcatalog; path = "Preview Assets.xcassets"; sourceTree = "<group>"; };
		872F6CE22AB8A36300305A2A /* GameView.swift */ = {isa = PBXFileReference; lastKnownFileType = sourcecode.swift; path = GameView.swift; sourceTree = "<group>"; };
		872F6CE52AB8A46100305A2A /* GameButton.swift */ = {isa = PBXFileReference; lastKnownFileType = sourcecode.swift; path = GameButton.swift; sourceTree = "<group>"; };
		872F6CE72AB8A51800305A2A /* HomeViewModel.swift */ = {isa = PBXFileReference; lastKnownFileType = sourcecode.swift; path = HomeViewModel.swift; sourceTree = "<group>"; };
		872F6CEB2AB9ADCE00305A2A /* GameSquareView.swift */ = {isa = PBXFileReference; lastKnownFileType = sourcecode.swift; path = GameSquareView.swift; sourceTree = "<group>"; };
		872F6CED2AB9AE2800305A2A /* PlayerView.swift */ = {isa = PBXFileReference; lastKnownFileType = sourcecode.swift; path = PlayerView.swift; sourceTree = "<group>"; };
		872F6CEF2AB9B0A500305A2A /* LoadingView.swift */ = {isa = PBXFileReference; lastKnownFileType = sourcecode.swift; path = LoadingView.swift; sourceTree = "<group>"; };
		872F6CF12AB9D33900305A2A /* GameViewModel.swift */ = {isa = PBXFileReference; lastKnownFileType = sourcecode.swift; path = GameViewModel.swift; sourceTree = "<group>"; };
		872F6CF32AB9D85100305A2A /* GameModel.swift */ = {isa = PBXFileReference; lastKnownFileType = sourcecode.swift; path = GameModel.swift; sourceTree = "<group>"; };
		872F6CF62ABDA68F00305A2A /* User.swift */ = {isa = PBXFileReference; lastKnownFileType = sourcecode.swift; path = User.swift; sourceTree = "<group>"; };
/* End PBXFileReference section */

/* Begin PBXFrameworksBuildPhase section */
		872F6CCD2AB8A10C00305A2A /* Frameworks */ = {
			isa = PBXFrameworksBuildPhase;
			buildActionMask = 2147483647;
			files = (
			);
			runOnlyForDeploymentPostprocessing = 0;
		};
/* End PBXFrameworksBuildPhase section */

/* Begin PBXGroup section */
		872F6CC72AB8A10C00305A2A = {
			isa = PBXGroup;
			children = (
				872F6CD22AB8A10C00305A2A /* TicTacToe */,
				872F6CD12AB8A10C00305A2A /* Products */,
			);
			sourceTree = "<group>";
		};
		872F6CD12AB8A10C00305A2A /* Products */ = {
			isa = PBXGroup;
			children = (
				872F6CD02AB8A10C00305A2A /* TicTacToe.app */,
			);
			name = Products;
			sourceTree = "<group>";
		};
		872F6CD22AB8A10C00305A2A /* TicTacToe */ = {
			isa = PBXGroup;
			children = (
				872F6CF52AB9D85700305A2A /* Model */,
				872F6CEA2AB9A9A400305A2A /* HomeView */,
				872F6CE92AB9A98700305A2A /* GameView */,
				872F6CE42AB8A45400305A2A /* Views */,
				872F6CD32AB8A10C00305A2A /* TicTacToeApp.swift */,
				872F6CE72AB8A51800305A2A /* HomeViewModel.swift */,
				872F6CD72AB8A10D00305A2A /* Assets.xcassets */,
				872F6CD92AB8A10E00305A2A /* TicTacToe.entitlements */,
				872F6CDA2AB8A10E00305A2A /* Preview Content */,
			);
			path = TicTacToe;
			sourceTree = "<group>";
		};
		872F6CDA2AB8A10E00305A2A /* Preview Content */ = {
			isa = PBXGroup;
			children = (
				872F6CDB2AB8A10E00305A2A /* Preview Assets.xcassets */,
			);
			path = "Preview Content";
			sourceTree = "<group>";
		};
		872F6CE42AB8A45400305A2A /* Views */ = {
			isa = PBXGroup;
			children = (
				872F6CEB2AB9ADCE00305A2A /* GameSquareView.swift */,
				872F6CE52AB8A46100305A2A /* GameButton.swift */,
				872F6CEF2AB9B0A500305A2A /* LoadingView.swift */,
			);
			path = Views;
			sourceTree = "<group>";
		};
		872F6CE92AB9A98700305A2A /* GameView */ = {
			isa = PBXGroup;
			children = (
				872F6CE22AB8A36300305A2A /* GameView.swift */,
				872F6CF12AB9D33900305A2A /* GameViewModel.swift */,
				872F6CED2AB9AE2800305A2A /* PlayerView.swift */,
			);
			path = GameView;
			sourceTree = "<group>";
		};
		872F6CEA2AB9A9A400305A2A /* HomeView */ = {
			isa = PBXGroup;
			children = (
				872F6CD52AB8A10C00305A2A /* HomeView.swift */,
			);
			path = HomeView;
			sourceTree = "<group>";
		};
		872F6CF52AB9D85700305A2A /* Model */ = {
			isa = PBXGroup;
			children = (
				872F6CF32AB9D85100305A2A /* GameModel.swift */,
				872F6CF62ABDA68F00305A2A /* User.swift */,
			);
			path = Model;
			sourceTree = "<group>";
		};
/* End PBXGroup section */

/* Begin PBXNativeTarget section */
		872F6CCF2AB8A10C00305A2A /* TicTacToe */ = {
			isa = PBXNativeTarget;
			buildConfigurationList = 872F6CDF2AB8A10E00305A2A /* Build configuration list for PBXNativeTarget "TicTacToe" */;
			buildPhases = (
				872F6CCC2AB8A10C00305A2A /* Sources */,
				872F6CCD2AB8A10C00305A2A /* Frameworks */,
				872F6CCE2AB8A10C00305A2A /* Resources */,
			);
			buildRules = (
			);
			dependencies = (
			);
			name = TicTacToe;
			productName = TicTacToe;
			productReference = 872F6CD02AB8A10C00305A2A /* TicTacToe.app */;
			productType = "com.apple.product-type.application";
		};
/* End PBXNativeTarget section */

/* Begin PBXProject section */
		872F6CC82AB8A10C00305A2A /* Project object */ = {
			isa = PBXProject;
			attributes = {
				BuildIndependentTargetsInParallel = 1;
				LastSwiftUpdateCheck = 1430;
				LastUpgradeCheck = 1430;
				TargetAttributes = {
					872F6CCF2AB8A10C00305A2A = {
						CreatedOnToolsVersion = 14.3.1;
					};
				};
			};
			buildConfigurationList = 872F6CCB2AB8A10C00305A2A /* Build configuration list for PBXProject "TicTacToe" */;
			compatibilityVersion = "Xcode 14.0";
			developmentRegion = en;
			hasScannedForEncodings = 0;
			knownRegions = (
				en,
				Base,
			);
			mainGroup = 872F6CC72AB8A10C00305A2A;
			productRefGroup = 872F6CD12AB8A10C00305A2A /* Products */;
			projectDirPath = "";
			projectRoot = "";
			targets = (
				872F6CCF2AB8A10C00305A2A /* TicTacToe */,
			);
		};
/* End PBXProject section */

/* Begin PBXResourcesBuildPhase section */
		872F6CCE2AB8A10C00305A2A /* Resources */ = {
			isa = PBXResourcesBuildPhase;
			buildActionMask = 2147483647;
			files = (
				872F6CDC2AB8A10E00305A2A /* Preview Assets.xcassets in Resources */,
				872F6CD82AB8A10D00305A2A /* Assets.xcassets in Resources */,
			);
			runOnlyForDeploymentPostprocessing = 0;
		};
/* End PBXResourcesBuildPhase section */

/* Begin PBXSourcesBuildPhase section */
		872F6CCC2AB8A10C00305A2A /* Sources */ = {
			isa = PBXSourcesBuildPhase;
			buildActionMask = 2147483647;
			files = (
				872F6CF22AB9D33900305A2A /* GameViewModel.swift in Sources */,
				872F6CD62AB8A10C00305A2A /* HomeView.swift in Sources */,
				872F6CE62AB8A46100305A2A /* GameButton.swift in Sources */,
				872F6CEE2AB9AE2800305A2A /* PlayerView.swift in Sources */,
				872F6CE32AB8A36300305A2A /* GameView.swift in Sources */,
				872F6CF42AB9D85100305A2A /* GameModel.swift in Sources */,
				872F6CEC2AB9ADCE00305A2A /* GameSquareView.swift in Sources */,
				872F6CF02AB9B0A500305A2A /* LoadingView.swift in Sources */,
				872F6CE82AB8A51800305A2A /* HomeViewModel.swift in Sources */,
				872F6CD42AB8A10C00305A2A /* TicTacToeApp.swift in Sources */,
				872F6CF72ABDA69000305A2A /* User.swift in Sources */,
			);
			runOnlyForDeploymentPostprocessing = 0;
		};
/* End PBXSourcesBuildPhase section */

/* Begin XCBuildConfiguration section */
		872F6CDD2AB8A10E00305A2A /* Debug */ = {
			isa = XCBuildConfiguration;
			buildSettings = {
				ALWAYS_SEARCH_USER_PATHS = NO;
				CLANG_ANALYZER_NONNULL = YES;
				CLANG_ANALYZER_NUMBER_OBJECT_CONVERSION = YES_AGGRESSIVE;
				CLANG_CXX_LANGUAGE_STANDARD = "gnu++20";
				CLANG_ENABLE_MODULES = YES;
				CLANG_ENABLE_OBJC_ARC = YES;
				CLANG_ENABLE_OBJC_WEAK = YES;
				CLANG_WARN_BLOCK_CAPTURE_AUTORELEASING = YES;
				CLANG_WARN_BOOL_CONVERSION = YES;
				CLANG_WARN_COMMA = YES;
				CLANG_WARN_CONSTANT_CONVERSION = YES;
				CLANG_WARN_DEPRECATED_OBJC_IMPLEMENTATIONS = YES;
				CLANG_WARN_DIRECT_OBJC_ISA_USAGE = YES_ERROR;
				CLANG_WARN_DOCUMENTATION_COMMENTS = YES;
				CLANG_WARN_EMPTY_BODY = YES;
				CLANG_WARN_ENUM_CONVERSION = YES;
				CLANG_WARN_INFINITE_RECURSION = YES;
				CLANG_WARN_INT_CONVERSION = YES;
				CLANG_WARN_NON_LITERAL_NULL_CONVERSION = YES;
				CLANG_WARN_OBJC_IMPLICIT_RETAIN_SELF = YES;
				CLANG_WARN_OBJC_LITERAL_CONVERSION = YES;
				CLANG_WARN_OBJC_ROOT_CLASS = YES_ERROR;
				CLANG_WARN_QUOTED_INCLUDE_IN_FRAMEWORK_HEADER = YES;
				CLANG_WARN_RANGE_LOOP_ANALYSIS = YES;
				CLANG_WARN_STRICT_PROTOTYPES = YES;
				CLANG_WARN_SUSPICIOUS_MOVE = YES;
				CLANG_WARN_UNGUARDED_AVAILABILITY = YES_AGGRESSIVE;
				CLANG_WARN_UNREACHABLE_CODE = YES;
				CLANG_WARN__DUPLICATE_METHOD_MATCH = YES;
				COPY_PHASE_STRIP = NO;
				DEBUG_INFORMATION_FORMAT = dwarf;
				ENABLE_STRICT_OBJC_MSGSEND = YES;
				ENABLE_TESTABILITY = YES;
				GCC_C_LANGUAGE_STANDARD = gnu11;
				GCC_DYNAMIC_NO_PIC = NO;
				GCC_NO_COMMON_BLOCKS = YES;
				GCC_OPTIMIZATION_LEVEL = 0;
				GCC_PREPROCESSOR_DEFINITIONS = (
					"DEBUG=1",
					"$(inherited)",
				);
				GCC_WARN_64_TO_32_BIT_CONVERSION = YES;
				GCC_WARN_ABOUT_RETURN_TYPE = YES_ERROR;
				GCC_WARN_UNDECLARED_SELECTOR = YES;
				GCC_WARN_UNINITIALIZED_AUTOS = YES_AGGRESSIVE;
				GCC_WARN_UNUSED_FUNCTION = YES;
				GCC_WARN_UNUSED_VARIABLE = YES;
				MTL_ENABLE_DEBUG_INFO = INCLUDE_SOURCE;
				MTL_FAST_MATH = YES;
				ONLY_ACTIVE_ARCH = YES;
				SWIFT_ACTIVE_COMPILATION_CONDITIONS = DEBUG;
				SWIFT_OPTIMIZATION_LEVEL = "-Onone";
			};
			name = Debug;
		};
		872F6CDE2AB8A10E00305A2A /* Release */ = {
			isa = XCBuildConfiguration;
			buildSettings = {
				ALWAYS_SEARCH_USER_PATHS = NO;
				CLANG_ANALYZER_NONNULL = YES;
				CLANG_ANALYZER_NUMBER_OBJECT_CONVERSION = YES_AGGRESSIVE;
				CLANG_CXX_LANGUAGE_STANDARD = "gnu++20";
				CLANG_ENABLE_MODULES = YES;
				CLANG_ENABLE_OBJC_ARC = YES;
				CLANG_ENABLE_OBJC_WEAK = YES;
				CLANG_WARN_BLOCK_CAPTURE_AUTORELEASING = YES;
				CLANG_WARN_BOOL_CONVERSION = YES;
				CLANG_WARN_COMMA = YES;
				CLANG_WARN_CONSTANT_CONVERSION = YES;
				CLANG_WARN_DEPRECATED_OBJC_IMPLEMENTATIONS = YES;
				CLANG_WARN_DIRECT_OBJC_ISA_USAGE = YES_ERROR;
				CLANG_WARN_DOCUMENTATION_COMMENTS = YES;
				CLANG_WARN_EMPTY_BODY = YES;
				CLANG_WARN_ENUM_CONVERSION = YES;
				CLANG_WARN_INFINITE_RECURSION = YES;
				CLANG_WARN_INT_CONVERSION = YES;
				CLANG_WARN_NON_LITERAL_NULL_CONVERSION = YES;
				CLANG_WARN_OBJC_IMPLICIT_RETAIN_SELF = YES;
				CLANG_WARN_OBJC_LITERAL_CONVERSION = YES;
				CLANG_WARN_OBJC_ROOT_CLASS = YES_ERROR;
				CLANG_WARN_QUOTED_INCLUDE_IN_FRAMEWORK_HEADER = YES;
				CLANG_WARN_RANGE_LOOP_ANALYSIS = YES;
				CLANG_WARN_STRICT_PROTOTYPES = YES;
				CLANG_WARN_SUSPICIOUS_MOVE = YES;
				CLANG_WARN_UNGUARDED_AVAILABILITY = YES_AGGRESSIVE;
				CLANG_WARN_UNREACHABLE_CODE = YES;
				CLANG_WARN__DUPLICATE_METHOD_MATCH = YES;
				COPY_PHASE_STRIP = NO;
				DEBUG_INFORMATION_FORMAT = "dwarf-with-dsym";
				ENABLE_NS_ASSERTIONS = NO;
				ENABLE_STRICT_OBJC_MSGSEND = YES;
				GCC_C_LANGUAGE_STANDARD = gnu11;
				GCC_NO_COMMON_BLOCKS = YES;
				GCC_WARN_64_TO_32_BIT_CONVERSION = YES;
				GCC_WARN_ABOUT_RETURN_TYPE = YES_ERROR;
				GCC_WARN_UNDECLARED_SELECTOR = YES;
				GCC_WARN_UNINITIALIZED_AUTOS = YES_AGGRESSIVE;
				GCC_WARN_UNUSED_FUNCTION = YES;
				GCC_WARN_UNUSED_VARIABLE = YES;
				MTL_ENABLE_DEBUG_INFO = NO;
				MTL_FAST_MATH = YES;
				SWIFT_COMPILATION_MODE = wholemodule;
				SWIFT_OPTIMIZATION_LEVEL = "-O";
			};
			name = Release;
		};
		872F6CE02AB8A10E00305A2A /* Debug */ = {
			isa = XCBuildConfiguration;
			buildSettings = {
				ASSETCATALOG_COMPILER_APPICON_NAME = AppIcon;
				ASSETCATALOG_COMPILER_GLOBAL_ACCENT_COLOR_NAME = AccentColor;
				CODE_SIGN_ENTITLEMENTS = TicTacToe/TicTacToe.entitlements;
				CODE_SIGN_STYLE = Automatic;
				CURRENT_PROJECT_VERSION = 1;
				DEVELOPMENT_ASSET_PATHS = "\"TicTacToe/Preview Content\"";
				ENABLE_PREVIEWS = YES;
				GENERATE_INFOPLIST_FILE = YES;
				"INFOPLIST_KEY_UIApplicationSceneManifest_Generation[sdk=iphoneos*]" = YES;
				"INFOPLIST_KEY_UIApplicationSceneManifest_Generation[sdk=iphonesimulator*]" = YES;
				"INFOPLIST_KEY_UIApplicationSupportsIndirectInputEvents[sdk=iphoneos*]" = YES;
				"INFOPLIST_KEY_UIApplicationSupportsIndirectInputEvents[sdk=iphonesimulator*]" = YES;
				"INFOPLIST_KEY_UILaunchScreen_Generation[sdk=iphoneos*]" = YES;
				"INFOPLIST_KEY_UILaunchScreen_Generation[sdk=iphonesimulator*]" = YES;
				"INFOPLIST_KEY_UIStatusBarStyle[sdk=iphoneos*]" = UIStatusBarStyleDefault;
				"INFOPLIST_KEY_UIStatusBarStyle[sdk=iphonesimulator*]" = UIStatusBarStyleDefault;
				INFOPLIST_KEY_UISupportedInterfaceOrientations_iPad = "UIInterfaceOrientationPortrait UIInterfaceOrientationPortraitUpsideDown UIInterfaceOrientationLandscapeLeft UIInterfaceOrientationLandscapeRight";
				INFOPLIST_KEY_UISupportedInterfaceOrientations_iPhone = "UIInterfaceOrientationPortrait UIInterfaceOrientationLandscapeLeft UIInterfaceOrientationLandscapeRight";
				IPHONEOS_DEPLOYMENT_TARGET = 16.4;
				LD_RUNPATH_SEARCH_PATHS = "@executable_path/Frameworks";
				"LD_RUNPATH_SEARCH_PATHS[sdk=macosx*]" = "@executable_path/../Frameworks";
				MACOSX_DEPLOYMENT_TARGET = 13.3;
				MARKETING_VERSION = 1.0;
				PRODUCT_BUNDLE_IDENTIFIER = com.TicTacToe;
				PRODUCT_NAME = "$(TARGET_NAME)";
				SDKROOT = auto;
				SUPPORTED_PLATFORMS = "iphoneos iphonesimulator macosx";
				SWIFT_EMIT_LOC_STRINGS = YES;
				SWIFT_VERSION = 5.0;
				TARGETED_DEVICE_FAMILY = "1,2";
			};
			name = Debug;
		};
		872F6CE12AB8A10E00305A2A /* Release */ = {
			isa = XCBuildConfiguration;
			buildSettings = {
				ASSETCATALOG_COMPILER_APPICON_NAME = AppIcon;
				ASSETCATALOG_COMPILER_GLOBAL_ACCENT_COLOR_NAME = AccentColor;
				CODE_SIGN_ENTITLEMENTS = TicTacToe/TicTacToe.entitlements;
				CODE_SIGN_STYLE = Automatic;
				CURRENT_PROJECT_VERSION = 1;
				DEVELOPMENT_ASSET_PATHS = "\"TicTacToe/Preview Content\"";
				ENABLE_PREVIEWS = YES;
				GENERATE_INFOPLIST_FILE = YES;
				"INFOPLIST_KEY_UIApplicationSceneManifest_Generation[sdk=iphoneos*]" = YES;
				"INFOPLIST_KEY_UIApplicationSceneManifest_Generation[sdk=iphonesimulator*]" = YES;
				"INFOPLIST_KEY_UIApplicationSupportsIndirectInputEvents[sdk=iphoneos*]" = YES;
				"INFOPLIST_KEY_UIApplicationSupportsIndirectInputEvents[sdk=iphonesimulator*]" = YES;
				"INFOPLIST_KEY_UILaunchScreen_Generation[sdk=iphoneos*]" = YES;
				"INFOPLIST_KEY_UILaunchScreen_Generation[sdk=iphonesimulator*]" = YES;
				"INFOPLIST_KEY_UIStatusBarStyle[sdk=iphoneos*]" = UIStatusBarStyleDefault;
				"INFOPLIST_KEY_UIStatusBarStyle[sdk=iphonesimulator*]" = UIStatusBarStyleDefault;
				INFOPLIST_KEY_UISupportedInterfaceOrientations_iPad = "UIInterfaceOrientationPortrait UIInterfaceOrientationPortraitUpsideDown UIInterfaceOrientationLandscapeLeft UIInterfaceOrientationLandscapeRight";
				INFOPLIST_KEY_UISupportedInterfaceOrientations_iPhone = "UIInterfaceOrientationPortrait UIInterfaceOrientationLandscapeLeft UIInterfaceOrientationLandscapeRight";
				IPHONEOS_DEPLOYMENT_TARGET = 16.4;
				LD_RUNPATH_SEARCH_PATHS = "@executable_path/Frameworks";
				"LD_RUNPATH_SEARCH_PATHS[sdk=macosx*]" = "@executable_path/../Frameworks";
				MACOSX_DEPLOYMENT_TARGET = 13.3;
				MARKETING_VERSION = 1.0;
				PRODUCT_BUNDLE_IDENTIFIER = com.TicTacToe;
				PRODUCT_NAME = "$(TARGET_NAME)";
				SDKROOT = auto;
				SUPPORTED_PLATFORMS = "iphoneos iphonesimulator macosx";
				SWIFT_EMIT_LOC_STRINGS = YES;
				SWIFT_VERSION = 5.0;
				TARGETED_DEVICE_FAMILY = "1,2";
			};
			name = Release;
		};
/* End XCBuildConfiguration section */

/* Begin XCConfigurationList section */
		872F6CCB2AB8A10C00305A2A /* Build configuration list for PBXProject "TicTacToe" */ = {
			isa = XCConfigurationList;
			buildConfigurations = (
				872F6CDD2AB8A10E00305A2A /* Debug */,
				872F6CDE2AB8A10E00305A2A /* Release */,
			);
			defaultConfigurationIsVisible = 0;
			defaultConfigurationName = Release;
		};
		872F6CDF2AB8A10E00305A2A /* Build configuration list for PBXNativeTarget "TicTacToe" */ = {
			isa = XCConfigurationList;
			buildConfigurations = (
				872F6CE02AB8A10E00305A2A /* Debug */,
				872F6CE12AB8A10E00305A2A /* Release */,
			);
			defaultConfigurationIsVisible = 0;
			defaultConfigurationName = Release;
		};
/* End XCConfigurationList section */
	};
	rootObject = 872F6CC82AB8A10C00305A2A /* Project object */;
}
